
Microsoft Visual Studio Solution File, Format Version 12.00
# Visual Studio Version 17
VisualStudioVersion = 17.10.35013.160
MinimumVisualStudioVersion = 10.0.40219.1
Project("{FAE04EC0-301F-11D3-BF4B-00C04F79EFBC}") = "Medical Laboratory Management", "Medical Laboratory Management\Medical Laboratory Management.csproj", "{74060334-869F-4CC2-9862-6AA8777687C9}"
EndProject
Global
	GlobalSection(SolutionConfigurationPlatforms) = preSolution
		Debug|Any CPU = Debug|Any CPU
		Release|Any CPU = Release|Any CPU
	EndGlobalSection
	GlobalSection(ProjectConfigurationPlatforms) = postSolution
		{74060334-869F-4CC2-9862-6AA8777687C9}.Debug|Any CPU.ActiveCfg = Debug|Any CPU
		{74060334-869F-4CC2-9862-6AA8777687C9}.Debug|Any CPU.Build.0 = Debug|Any CPU
		{74060334-869F-4CC2-9862-6AA8777687C9}.Release|Any CPU.ActiveCfg = Release|Any CPU
		{74060334-869F-4CC2-9862-6AA8777687C9}.Release|Any CPU.Build.0 = Release|Any CPU
	EndGlobalSection
	GlobalSection(SolutionProperties) = preSolution
		HideSolutionNode = FALSE
	EndGlobalSection
	GlobalSection(ExtensibilityGlobals) = postSolution
		SolutionGuid = {C426F4CD-90B6-4002-8AB8-ED9D1DA77292}
	EndGlobalSection
EndGlobal
